
Microsoft Visual Studio Solution File, Format Version 12.00
# Visual Studio 15
VisualStudioVersion = 15.0.27004.2008
MinimumVisualStudioVersion = 10.0.40219.1
Project("{9A19103F-16F7-4668-BE54-9A1E7A4F7556}") = "Civkac", "KnjigeApi\Civkac.csproj", "{9885EE30-3BA3-4FCF-82C6-839E1890E015}"
EndProject
Global
	GlobalSection(SolutionConfigurationPlatforms) = preSolution
		Debug|Any CPU = Debug|Any CPU
		Release|Any CPU = Release|Any CPU
	EndGlobalSection
	GlobalSection(ProjectConfigurationPlatforms) = postSolution
		{9885EE30-3BA3-4FCF-82C6-839E1890E015}.Debug|Any CPU.ActiveCfg = Debug|Any CPU
		{9885EE30-3BA3-4FCF-82C6-839E1890E015}.Debug|Any CPU.Build.0 = Debug|Any CPU
		{9885EE30-3BA3-4FCF-82C6-839E1890E015}.Release|Any CPU.ActiveCfg = Release|Any CPU
		{9885EE30-3BA3-4FCF-82C6-839E1890E015}.Release|Any CPU.Build.0 = Release|Any CPU
	EndGlobalSection
	GlobalSection(SolutionProperties) = preSolution
		HideSolutionNode = FALSE
	EndGlobalSection
	GlobalSection(ExtensibilityGlobals) = postSolution
		SolutionGuid = {88AC31C2-3933-477F-92C2-9F5D4DCC5F2E}
	EndGlobalSection
EndGlobal
